
Microsoft Visual Studio Solution File, Format Version 12.00
# Visual Studio 15
VisualStudioVersion = 15.0.26403.7
MinimumVisualStudioVersion = 10.0.40219.1
Project("{FAE04EC0-301F-11D3-BF4B-00C04F79EFBC}") = "AsyncAwaitDotNext.WithExistSyncContext", "AsyncAwaitDotNext.WithExistSyncContext\AsyncAwaitDotNext.WithExistSyncContext.csproj", "{5010C651-76FB-481B-AC1D-F82773D13DBA}"
EndProject
Project("{FAE04EC0-301F-11D3-BF4B-00C04F79EFBC}") = "AsyncAwaitDotNext.AsyncVoid", "AsyncAwaitDotNext.AsyncVoid\AsyncAwaitDotNext.AsyncVoid.csproj", "{BE7B82BA-BBD7-45E6-9802-2C242AECF312}"
EndProject
Project("{FAE04EC0-301F-11D3-BF4B-00C04F79EFBC}") = "AsyncAwaitDotNext.AsyncLambda", "AsyncAwaitDotNext.AsyncLambda\AsyncAwaitDotNext.AsyncLambda.csproj", "{322E498D-1611-4F04-8DCE-C5DBCBFA67FD}"
EndProject
Global
	GlobalSection(SolutionConfigurationPlatforms) = preSolution
		Debug|Any CPU = Debug|Any CPU
		Release|Any CPU = Release|Any CPU
	EndGlobalSection
	GlobalSection(ProjectConfigurationPlatforms) = postSolution
		{5010C651-76FB-481B-AC1D-F82773D13DBA}.Debug|Any CPU.ActiveCfg = Debug|Any CPU
		{5010C651-76FB-481B-AC1D-F82773D13DBA}.Debug|Any CPU.Build.0 = Debug|Any CPU
		{5010C651-76FB-481B-AC1D-F82773D13DBA}.Release|Any CPU.ActiveCfg = Release|Any CPU
		{5010C651-76FB-481B-AC1D-F82773D13DBA}.Release|Any CPU.Build.0 = Release|Any CPU
		{BE7B82BA-BBD7-45E6-9802-2C242AECF312}.Debug|Any CPU.ActiveCfg = Debug|Any CPU
		{BE7B82BA-BBD7-45E6-9802-2C242AECF312}.Debug|Any CPU.Build.0 = Debug|Any CPU
		{BE7B82BA-BBD7-45E6-9802-2C242AECF312}.Release|Any CPU.ActiveCfg = Release|Any CPU
		{BE7B82BA-BBD7-45E6-9802-2C242AECF312}.Release|Any CPU.Build.0 = Release|Any CPU
		{322E498D-1611-4F04-8DCE-C5DBCBFA67FD}.Debug|Any CPU.ActiveCfg = Debug|Any CPU
		{322E498D-1611-4F04-8DCE-C5DBCBFA67FD}.Debug|Any CPU.Build.0 = Debug|Any CPU
		{322E498D-1611-4F04-8DCE-C5DBCBFA67FD}.Release|Any CPU.ActiveCfg = Release|Any CPU
		{322E498D-1611-4F04-8DCE-C5DBCBFA67FD}.Release|Any CPU.Build.0 = Release|Any CPU
	EndGlobalSection
	GlobalSection(SolutionProperties) = preSolution
		HideSolutionNode = FALSE
	EndGlobalSection
EndGlobal
